
Microsoft Visual Studio Solution File, Format Version 12.00
# Visual Studio 2012
Project("{FAE04EC0-301F-11D3-BF4B-00C04F79EFBC}") = "FN.Store.UI.ConsoleUI", "FN.Store.UI.ConsoleUI\FN.Store.UI.ConsoleUI.csproj", "{94AA62BF-0B74-4741-A0D3-9906CA7FCEAF}"
EndProject
Project("{FAE04EC0-301F-11D3-BF4B-00C04F79EFBC}") = "FN.Store.Data", "FN.Store.Data\FN.Store.Data.csproj", "{CB26125B-EA27-4AF8-95B5-939E5E6A6522}"
EndProject
Project("{FAE04EC0-301F-11D3-BF4B-00C04F79EFBC}") = "FN.Store.Domain", "FN.Store.Domain\FN.Store.Domain.csproj", "{7BAA98C3-9110-486C-B6F2-77000C358BC6}"
EndProject
Project("{FAE04EC0-301F-11D3-BF4B-00C04F79EFBC}") = "FN.Store.UI.Web", "FN.Store.UI.Web\FN.Store.UI.Web.csproj", "{0000DC48-E873-48AF-9943-168FEA13BCC9}"
EndProject
Project("{2150E333-8FDC-42A3-9474-1A3956D46DE8}") = "Domain", "Domain", "{EA0C1A04-E2ED-4B81-B4A1-B936A958B23E}"
EndProject
Project("{2150E333-8FDC-42A3-9474-1A3956D46DE8}") = "Data", "Data", "{A86E0ECF-1511-41D8-901F-873D2ABBCBBB}"
EndProject
Project("{2150E333-8FDC-42A3-9474-1A3956D46DE8}") = "Interface", "Interface", "{76B2E5D8-3775-4AAD-B7C1-5E451F9D584A}"
EndProject
Project("{2150E333-8FDC-42A3-9474-1A3956D46DE8}") = "Services", "Services", "{9BCB1A71-5801-4230-9BB7-D79B543A86FB}"
EndProject
Project("{FAE04EC0-301F-11D3-BF4B-00C04F79EFBC}") = "FN.Store.Service.Api", "FN.Store.Service.Api\FN.Store.Service.Api.csproj", "{E30F0826-8F78-4154-A264-B880B01C6417}"
EndProject
Project("{FAE04EC0-301F-11D3-BF4B-00C04F79EFBC}") = "FN.Store.Service.WCFApp", "FN.Store.Service.WCFApp\FN.Store.Service.WCFApp.csproj", "{8661B8E3-5A00-4C33-83A0-116ADBBA990E}"
EndProject
Project("{2150E333-8FDC-42A3-9474-1A3956D46DE8}") = "Clients", "Clients", "{EC515A09-6295-4E44-A14F-09C5E8CD9FB7}"
EndProject
Project("{FAE04EC0-301F-11D3-BF4B-00C04F79EFBC}") = "FN.Store.Client.WCFApp", "FN.Store.Client.WCFApp\FN.Store.Client.WCFApp.csproj", "{B998740F-EB47-427F-B21B-ABC9F1A38CD8}"
	ProjectSection(ProjectDependencies) = postProject
		{8661B8E3-5A00-4C33-83A0-116ADBBA990E} = {8661B8E3-5A00-4C33-83A0-116ADBBA990E}
	EndProjectSection
EndProject
Project("{FAE04EC0-301F-11D3-BF4B-00C04F79EFBC}") = "FN.Store.Client.Api", "FN.Store.Client.Api\FN.Store.Client.Api.csproj", "{2152D0BB-73F2-4904-83CD-9D12A2DB1F55}"
EndProject
Project("{2150E333-8FDC-42A3-9474-1A3956D46DE8}") = "ServiceBus", "ServiceBus", "{7619774A-D755-401A-B278-C8772D327F05}"
EndProject
Project("{FAE04EC0-301F-11D3-BF4B-00C04F79EFBC}") = "FN.Store.ServiceBus.Server", "FN.Store.ServiceBus.Server\FN.Store.ServiceBus.Server.csproj", "{C9DC4F16-F13D-49E2-9327-A2BB4DF90E0C}"
EndProject
Project("{FAE04EC0-301F-11D3-BF4B-00C04F79EFBC}") = "FN.Store.ServiceBus.Client", "FN.Store.ServiceBus.Client\FN.Store.ServiceBus.Client.csproj", "{0582965C-7A77-4A5B-BA16-9CCFFF978FDE}"
EndProject
Global
	GlobalSection(SolutionConfigurationPlatforms) = preSolution
		Debug|Any CPU = Debug|Any CPU
		Release|Any CPU = Release|Any CPU
	EndGlobalSection
	GlobalSection(ProjectConfigurationPlatforms) = postSolution
		{94AA62BF-0B74-4741-A0D3-9906CA7FCEAF}.Debug|Any CPU.ActiveCfg = Debug|Any CPU
		{94AA62BF-0B74-4741-A0D3-9906CA7FCEAF}.Debug|Any CPU.Build.0 = Debug|Any CPU
		{94AA62BF-0B74-4741-A0D3-9906CA7FCEAF}.Release|Any CPU.ActiveCfg = Release|Any CPU
		{94AA62BF-0B74-4741-A0D3-9906CA7FCEAF}.Release|Any CPU.Build.0 = Release|Any CPU
		{CB26125B-EA27-4AF8-95B5-939E5E6A6522}.Debug|Any CPU.ActiveCfg = Debug|Any CPU
		{CB26125B-EA27-4AF8-95B5-939E5E6A6522}.Debug|Any CPU.Build.0 = Debug|Any CPU
		{CB26125B-EA27-4AF8-95B5-939E5E6A6522}.Release|Any CPU.ActiveCfg = Release|Any CPU
		{CB26125B-EA27-4AF8-95B5-939E5E6A6522}.Release|Any CPU.Build.0 = Release|Any CPU
		{7BAA98C3-9110-486C-B6F2-77000C358BC6}.Debug|Any CPU.ActiveCfg = Debug|Any CPU
		{7BAA98C3-9110-486C-B6F2-77000C358BC6}.Debug|Any CPU.Build.0 = Debug|Any CPU
		{7BAA98C3-9110-486C-B6F2-77000C358BC6}.Release|Any CPU.ActiveCfg = Release|Any CPU
		{7BAA98C3-9110-486C-B6F2-77000C358BC6}.Release|Any CPU.Build.0 = Release|Any CPU
		{0000DC48-E873-48AF-9943-168FEA13BCC9}.Debug|Any CPU.ActiveCfg = Debug|Any CPU
		{0000DC48-E873-48AF-9943-168FEA13BCC9}.Debug|Any CPU.Build.0 = Debug|Any CPU
		{0000DC48-E873-48AF-9943-168FEA13BCC9}.Release|Any CPU.ActiveCfg = Release|Any CPU
		{0000DC48-E873-48AF-9943-168FEA13BCC9}.Release|Any CPU.Build.0 = Release|Any CPU
		{E30F0826-8F78-4154-A264-B880B01C6417}.Debug|Any CPU.ActiveCfg = Debug|Any CPU
		{E30F0826-8F78-4154-A264-B880B01C6417}.Debug|Any CPU.Build.0 = Debug|Any CPU
		{E30F0826-8F78-4154-A264-B880B01C6417}.Release|Any CPU.ActiveCfg = Release|Any CPU
		{E30F0826-8F78-4154-A264-B880B01C6417}.Release|Any CPU.Build.0 = Release|Any CPU
		{8661B8E3-5A00-4C33-83A0-116ADBBA990E}.Debug|Any CPU.ActiveCfg = Debug|Any CPU
		{8661B8E3-5A00-4C33-83A0-116ADBBA990E}.Debug|Any CPU.Build.0 = Debug|Any CPU
		{8661B8E3-5A00-4C33-83A0-116ADBBA990E}.Release|Any CPU.ActiveCfg = Release|Any CPU
		{8661B8E3-5A00-4C33-83A0-116ADBBA990E}.Release|Any CPU.Build.0 = Release|Any CPU
		{B998740F-EB47-427F-B21B-ABC9F1A38CD8}.Debug|Any CPU.ActiveCfg = Debug|Any CPU
		{B998740F-EB47-427F-B21B-ABC9F1A38CD8}.Debug|Any CPU.Build.0 = Debug|Any CPU
		{B998740F-EB47-427F-B21B-ABC9F1A38CD8}.Release|Any CPU.ActiveCfg = Release|Any CPU
		{B998740F-EB47-427F-B21B-ABC9F1A38CD8}.Release|Any CPU.Build.0 = Release|Any CPU
		{2152D0BB-73F2-4904-83CD-9D12A2DB1F55}.Debug|Any CPU.ActiveCfg = Debug|Any CPU
		{2152D0BB-73F2-4904-83CD-9D12A2DB1F55}.Debug|Any CPU.Build.0 = Debug|Any CPU
		{2152D0BB-73F2-4904-83CD-9D12A2DB1F55}.Release|Any CPU.ActiveCfg = Release|Any CPU
		{2152D0BB-73F2-4904-83CD-9D12A2DB1F55}.Release|Any CPU.Build.0 = Release|Any CPU
		{C9DC4F16-F13D-49E2-9327-A2BB4DF90E0C}.Debug|Any CPU.ActiveCfg = Debug|Any CPU
		{C9DC4F16-F13D-49E2-9327-A2BB4DF90E0C}.Debug|Any CPU.Build.0 = Debug|Any CPU
		{C9DC4F16-F13D-49E2-9327-A2BB4DF90E0C}.Release|Any CPU.ActiveCfg = Release|Any CPU
		{C9DC4F16-F13D-49E2-9327-A2BB4DF90E0C}.Release|Any CPU.Build.0 = Release|Any CPU
		{0582965C-7A77-4A5B-BA16-9CCFFF978FDE}.Debug|Any CPU.ActiveCfg = Debug|Any CPU
		{0582965C-7A77-4A5B-BA16-9CCFFF978FDE}.Debug|Any CPU.Build.0 = Debug|Any CPU
		{0582965C-7A77-4A5B-BA16-9CCFFF978FDE}.Release|Any CPU.ActiveCfg = Release|Any CPU
		{0582965C-7A77-4A5B-BA16-9CCFFF978FDE}.Release|Any CPU.Build.0 = Release|Any CPU
	EndGlobalSection
	GlobalSection(SolutionProperties) = preSolution
		HideSolutionNode = FALSE
	EndGlobalSection
	GlobalSection(NestedProjects) = preSolution
		{0000DC48-E873-48AF-9943-168FEA13BCC9} = {76B2E5D8-3775-4AAD-B7C1-5E451F9D584A}
		{94AA62BF-0B74-4741-A0D3-9906CA7FCEAF} = {76B2E5D8-3775-4AAD-B7C1-5E451F9D584A}
		{CB26125B-EA27-4AF8-95B5-939E5E6A6522} = {A86E0ECF-1511-41D8-901F-873D2ABBCBBB}
		{7BAA98C3-9110-486C-B6F2-77000C358BC6} = {EA0C1A04-E2ED-4B81-B4A1-B936A958B23E}
		{E30F0826-8F78-4154-A264-B880B01C6417} = {9BCB1A71-5801-4230-9BB7-D79B543A86FB}
		{8661B8E3-5A00-4C33-83A0-116ADBBA990E} = {9BCB1A71-5801-4230-9BB7-D79B543A86FB}
		{B998740F-EB47-427F-B21B-ABC9F1A38CD8} = {EC515A09-6295-4E44-A14F-09C5E8CD9FB7}
		{2152D0BB-73F2-4904-83CD-9D12A2DB1F55} = {EC515A09-6295-4E44-A14F-09C5E8CD9FB7}
		{C9DC4F16-F13D-49E2-9327-A2BB4DF90E0C} = {7619774A-D755-401A-B278-C8772D327F05}
		{0582965C-7A77-4A5B-BA16-9CCFFF978FDE} = {7619774A-D755-401A-B278-C8772D327F05}
	EndGlobalSection
EndGlobal
